
Microsoft Visual Studio Solution File, Format Version 11.00
# Visual Studio 2010
Project("{F184B08F-C81C-45F6-A57F-5ABD9991F28F}") = "Kalulator", "Kalulator\Kalulator.vbproj", "{D33A2D28-F7F7-4E8C-92AC-8EC3617CB176}"
EndProject
Global
	GlobalSection(SolutionConfigurationPlatforms) = preSolution
		Debug|x86 = Debug|x86
		Release|x86 = Release|x86
	EndGlobalSection
	GlobalSection(ProjectConfigurationPlatforms) = postSolution
		{D33A2D28-F7F7-4E8C-92AC-8EC3617CB176}.Debug|x86.ActiveCfg = Debug|x86
		{D33A2D28-F7F7-4E8C-92AC-8EC3617CB176}.Debug|x86.Build.0 = Debug|x86
		{D33A2D28-F7F7-4E8C-92AC-8EC3617CB176}.Release|x86.ActiveCfg = Release|x86
		{D33A2D28-F7F7-4E8C-92AC-8EC3617CB176}.Release|x86.Build.0 = Release|x86
	EndGlobalSection
	GlobalSection(SolutionProperties) = preSolution
		HideSolutionNode = FALSE
	EndGlobalSection
EndGlobal
